
Microsoft Visual Studio Solution File, Format Version 12.00
# Visual Studio Version 17
VisualStudioVersion = 17.5.002.0
MinimumVisualStudioVersion = 10.0.40219.1
Project("{9A19103F-16F7-4668-BE54-9A1E7A4F7556}") = "AuthMicroservice", "AuthMicroservice.csproj", "{DB44F62F-BA76-4D08-B222-96F4CE777054}"
EndProject
Global
	GlobalSection(SolutionConfigurationPlatforms) = preSolution
		Debug|Any CPU = Debug|Any CPU
		Release|Any CPU = Release|Any CPU
	EndGlobalSection
	GlobalSection(ProjectConfigurationPlatforms) = postSolution
		{DB44F62F-BA76-4D08-B222-96F4CE777054}.Debug|Any CPU.ActiveCfg = Debug|Any CPU
		{DB44F62F-BA76-4D08-B222-96F4CE777054}.Debug|Any CPU.Build.0 = Debug|Any CPU
		{DB44F62F-BA76-4D08-B222-96F4CE777054}.Release|Any CPU.ActiveCfg = Release|Any CPU
		{DB44F62F-BA76-4D08-B222-96F4CE777054}.Release|Any CPU.Build.0 = Release|Any CPU
	EndGlobalSection
	GlobalSection(SolutionProperties) = preSolution
		HideSolutionNode = FALSE
	EndGlobalSection
	GlobalSection(ExtensibilityGlobals) = postSolution
		SolutionGuid = {AE114A8D-5C5A-4180-BF7A-1C443B5F462B}
	EndGlobalSection
EndGlobal
